
Microsoft Visual Studio Solution File, Format Version 12.00
# Visual Studio Version 16
VisualStudioVersion = 16.0.29201.188
MinimumVisualStudioVersion = 10.0.40219.1
Project("{FAE04EC0-301F-11D3-BF4B-00C04F79EFBC}") = "TipCalculator", "TipCalculator\TipCalculator.csproj", "{CDBCC787-A1FB-47F7-A7E5-EE36C92F2B69}"
EndProject
Global
	GlobalSection(SolutionConfigurationPlatforms) = preSolution
		Debug|Any CPU = Debug|Any CPU
		Release|Any CPU = Release|Any CPU
	EndGlobalSection
	GlobalSection(ProjectConfigurationPlatforms) = postSolution
		{CDBCC787-A1FB-47F7-A7E5-EE36C92F2B69}.Debug|Any CPU.ActiveCfg = Debug|Any CPU
		{CDBCC787-A1FB-47F7-A7E5-EE36C92F2B69}.Debug|Any CPU.Build.0 = Debug|Any CPU
		{CDBCC787-A1FB-47F7-A7E5-EE36C92F2B69}.Release|Any CPU.ActiveCfg = Release|Any CPU
		{CDBCC787-A1FB-47F7-A7E5-EE36C92F2B69}.Release|Any CPU.Build.0 = Release|Any CPU
	EndGlobalSection
	GlobalSection(SolutionProperties) = preSolution
		HideSolutionNode = FALSE
	EndGlobalSection
	GlobalSection(ExtensibilityGlobals) = postSolution
		SolutionGuid = {91968B60-6813-4AA6-BEF7-49AA098799E0}
	EndGlobalSection
EndGlobal
